
Microsoft Visual Studio Solution File, Format Version 12.00
# Visual Studio 15
VisualStudioVersion = 15.0.26430.13
MinimumVisualStudioVersion = 10.0.40219.1
Project("{FAE04EC0-301F-11D3-BF4B-00C04F79EFBC}") = "NServiceBus.Encryption.MessageProperty", "MessageProperty\NServiceBus.Encryption.MessageProperty.csproj", "{63EE7112-93F3-43B9-9895-D593EAADEA9B}"
EndProject
Project("{FAE04EC0-301F-11D3-BF4B-00C04F79EFBC}") = "NServiceBus.Encryption.MessageProperty.Tests", "Tests\NServiceBus.Encryption.MessageProperty.Tests.csproj", "{FC966BE4-840F-4824-A600-D3F92FB1F562}"
EndProject
Project("{FAE04EC0-301F-11D3-BF4B-00C04F79EFBC}") = "NServiceBus.Encryption.MessageProperty.AcceptanceTests", "AcceptanceTests\NServiceBus.Encryption.MessageProperty.AcceptanceTests.csproj", "{322DD595-9FF9-4A48-82F0-74BE4A8833E2}"
EndProject
Global
	GlobalSection(SolutionConfigurationPlatforms) = preSolution
		Debug|Any CPU = Debug|Any CPU
		Debug|Mixed Platforms = Debug|Mixed Platforms
		Debug|x86 = Debug|x86
		Release|Any CPU = Release|Any CPU
		Release|Mixed Platforms = Release|Mixed Platforms
		Release|x86 = Release|x86
	EndGlobalSection
	GlobalSection(ProjectConfigurationPlatforms) = postSolution
		{63EE7112-93F3-43B9-9895-D593EAADEA9B}.Debug|Any CPU.ActiveCfg = Debug|Any CPU
		{63EE7112-93F3-43B9-9895-D593EAADEA9B}.Debug|Any CPU.Build.0 = Debug|Any CPU
		{63EE7112-93F3-43B9-9895-D593EAADEA9B}.Debug|Mixed Platforms.ActiveCfg = Debug|Any CPU
		{63EE7112-93F3-43B9-9895-D593EAADEA9B}.Debug|Mixed Platforms.Build.0 = Debug|Any CPU
		{63EE7112-93F3-43B9-9895-D593EAADEA9B}.Debug|x86.ActiveCfg = Debug|Any CPU
		{63EE7112-93F3-43B9-9895-D593EAADEA9B}.Debug|x86.Build.0 = Debug|Any CPU
		{63EE7112-93F3-43B9-9895-D593EAADEA9B}.Release|Any CPU.ActiveCfg = Release|Any CPU
		{63EE7112-93F3-43B9-9895-D593EAADEA9B}.Release|Any CPU.Build.0 = Release|Any CPU
		{63EE7112-93F3-43B9-9895-D593EAADEA9B}.Release|Mixed Platforms.ActiveCfg = Release|Any CPU
		{63EE7112-93F3-43B9-9895-D593EAADEA9B}.Release|Mixed Platforms.Build.0 = Release|Any CPU
		{63EE7112-93F3-43B9-9895-D593EAADEA9B}.Release|x86.ActiveCfg = Release|Any CPU
		{63EE7112-93F3-43B9-9895-D593EAADEA9B}.Release|x86.Build.0 = Release|Any CPU
		{FC966BE4-840F-4824-A600-D3F92FB1F562}.Debug|Any CPU.ActiveCfg = Debug|Any CPU
		{FC966BE4-840F-4824-A600-D3F92FB1F562}.Debug|Any CPU.Build.0 = Debug|Any CPU
		{FC966BE4-840F-4824-A600-D3F92FB1F562}.Debug|Mixed Platforms.ActiveCfg = Debug|Any CPU
		{FC966BE4-840F-4824-A600-D3F92FB1F562}.Debug|Mixed Platforms.Build.0 = Debug|Any CPU
		{FC966BE4-840F-4824-A600-D3F92FB1F562}.Debug|x86.ActiveCfg = Debug|Any CPU
		{FC966BE4-840F-4824-A600-D3F92FB1F562}.Debug|x86.Build.0 = Debug|Any CPU
		{FC966BE4-840F-4824-A600-D3F92FB1F562}.Release|Any CPU.ActiveCfg = Release|Any CPU
		{FC966BE4-840F-4824-A600-D3F92FB1F562}.Release|Any CPU.Build.0 = Release|Any CPU
		{FC966BE4-840F-4824-A600-D3F92FB1F562}.Release|Mixed Platforms.ActiveCfg = Release|Any CPU
		{FC966BE4-840F-4824-A600-D3F92FB1F562}.Release|Mixed Platforms.Build.0 = Release|Any CPU
		{FC966BE4-840F-4824-A600-D3F92FB1F562}.Release|x86.ActiveCfg = Release|Any CPU
		{FC966BE4-840F-4824-A600-D3F92FB1F562}.Release|x86.Build.0 = Release|Any CPU
		{322DD595-9FF9-4A48-82F0-74BE4A8833E2}.Debug|Any CPU.ActiveCfg = Debug|Any CPU
		{322DD595-9FF9-4A48-82F0-74BE4A8833E2}.Debug|Any CPU.Build.0 = Debug|Any CPU
		{322DD595-9FF9-4A48-82F0-74BE4A8833E2}.Debug|Mixed Platforms.ActiveCfg = Debug|Any CPU
		{322DD595-9FF9-4A48-82F0-74BE4A8833E2}.Debug|Mixed Platforms.Build.0 = Debug|Any CPU
		{322DD595-9FF9-4A48-82F0-74BE4A8833E2}.Debug|x86.ActiveCfg = Debug|Any CPU
		{322DD595-9FF9-4A48-82F0-74BE4A8833E2}.Debug|x86.Build.0 = Debug|Any CPU
		{322DD595-9FF9-4A48-82F0-74BE4A8833E2}.Release|Any CPU.ActiveCfg = Release|Any CPU
		{322DD595-9FF9-4A48-82F0-74BE4A8833E2}.Release|Any CPU.Build.0 = Release|Any CPU
		{322DD595-9FF9-4A48-82F0-74BE4A8833E2}.Release|Mixed Platforms.ActiveCfg = Release|Any CPU
		{322DD595-9FF9-4A48-82F0-74BE4A8833E2}.Release|Mixed Platforms.Build.0 = Release|Any CPU
		{322DD595-9FF9-4A48-82F0-74BE4A8833E2}.Release|x86.ActiveCfg = Release|Any CPU
		{322DD595-9FF9-4A48-82F0-74BE4A8833E2}.Release|x86.Build.0 = Release|Any CPU
	EndGlobalSection
	GlobalSection(SolutionProperties) = preSolution
		HideSolutionNode = FALSE
	EndGlobalSection
EndGlobal
